
Microsoft Visual Studio Solution File, Format Version 12.00
# Visual Studio Version 17
VisualStudioVersion = 17.0.31919.166
MinimumVisualStudioVersion = 10.0.40219.1
Project("{FAE04EC0-301F-11D3-BF4B-00C04F79EFBC}") = "WindowsFormsApp2", "WindowsFormsApp2\WindowsFormsApp2.csproj", "{1818EEF4-4F9D-4555-AF43-092589669B90}"
EndProject
Global
	GlobalSection(SolutionConfigurationPlatforms) = preSolution
		Debug|Any CPU = Debug|Any CPU
		Release|Any CPU = Release|Any CPU
	EndGlobalSection
	GlobalSection(ProjectConfigurationPlatforms) = postSolution
		{1818EEF4-4F9D-4555-AF43-092589669B90}.Debug|Any CPU.ActiveCfg = Debug|Any CPU
		{1818EEF4-4F9D-4555-AF43-092589669B90}.Debug|Any CPU.Build.0 = Debug|Any CPU
		{1818EEF4-4F9D-4555-AF43-092589669B90}.Release|Any CPU.ActiveCfg = Release|Any CPU
		{1818EEF4-4F9D-4555-AF43-092589669B90}.Release|Any CPU.Build.0 = Release|Any CPU
	EndGlobalSection
	GlobalSection(SolutionProperties) = preSolution
		HideSolutionNode = FALSE
	EndGlobalSection
	GlobalSection(ExtensibilityGlobals) = postSolution
		SolutionGuid = {C034808F-2202-473F-B430-5983B079FCBD}
	EndGlobalSection
EndGlobal
